lockfileVersion: '9.0'

settings:
  autoInstallPeers: true
  excludeLinksFromLockfile: false

importers:

  .:
    dependencies:
      yaml:
        specifier: ^2.7.0
        version: 2.7.0
    devDependencies:
      '@types/node':
        specifier: 20.x
        version: 20.17.17
      '@types/vscode':
        specifier: ^1.97.0
        version: 1.97.0
      typescript:
        specifier: ^5.7.3
        version: 5.7.3

packages:

  '@types/node@20.17.17':
    resolution: {integrity: sha512-/WndGO4kIfMicEQLTi/mDANUu/iVUhT7KboZPdEqqHQ4aTS+3qT3U5gIqWDFV+XouorjfgGqvKILJeHhuQgFYg==}

  '@types/vscode@1.97.0':
    resolution: {integrity: sha512-ueE73loeOTe7olaVyqP9mrRI54kVPJifUPjblZo9fYcv1CuVLPOEKEkqW0GkqPC454+nCEoigLWnC2Pp7prZ9w==}

  typescript@5.7.3:
    resolution: {integrity: sha512-84MVSjMEHP+FQRPy3pX9sTVV/INIex71s9TL2Gm5FG/WG1SqXeKyZ0k7/blY/4FdOzI12CBy1vGc4og/eus0fw==}
    engines: {node: '>=14.17'}
    hasBin: true

  undici-types@6.19.8:
    resolution: {integrity: sha512-ve2KP6f/JnbPBFyobGHuerC9g1FYGn/F8n1LWTwNxCEzd6IfqTwUQcNXgEtmmQ6DlRrC1hrSrBnCZPokRrDHjw==}

  yaml@2.7.0:
    resolution: {integrity: sha512-+hSoy/QHluxmC9kCIJyL/uyFmLmc+e5CFR5Wa+bpIhIj85LVb9ZH2nVnqrHoSvKogwODv0ClqZkmiSSaIH5LTA==}
    engines: {node: '>= 14'}
    hasBin: true

snapshots:

  '@types/node@20.17.17':
    dependencies:
      undici-types: 6.19.8

  '@types/vscode@1.97.0': {}

  typescript@5.7.3: {}

  undici-types@6.19.8: {}

  yaml@2.7.0: {}
